
Microsoft Visual Studio Solution File, Format Version 12.00
# Visual Studio Version 17
VisualStudioVersion = 17.13.35913.81
MinimumVisualStudioVersion = 10.0.40219.1
Project("{FAE04EC0-301F-11D3-BF4B-00C04F79EFBC}") = "MauiApp1", "MauiApp1\MauiApp1.csproj", "{6B6278CA-BD9C-4253-A363-D5757D9E37FD}"
EndProject
Global
	GlobalSection(SolutionConfigurationPlatforms) = preSolution
		Debug|Any CPU = Debug|Any CPU
		Release|Any CPU = Release|Any CPU
	EndGlobalSection
	GlobalSection(ProjectConfigurationPlatforms) = postSolution
		{6B6278CA-BD9C-4253-A363-D5757D9E37FD}.Debug|Any CPU.ActiveCfg = Debug|Any CPU
		{6B6278CA-BD9C-4253-A363-D5757D9E37FD}.Debug|Any CPU.Build.0 = Debug|Any CPU
		{6B6278CA-BD9C-4253-A363-D5757D9E37FD}.Debug|Any CPU.Deploy.0 = Debug|Any CPU
		{6B6278CA-BD9C-4253-A363-D5757D9E37FD}.Release|Any CPU.ActiveCfg = Release|Any CPU
		{6B6278CA-BD9C-4253-A363-D5757D9E37FD}.Release|Any CPU.Build.0 = Release|Any CPU
	EndGlobalSection
	GlobalSection(SolutionProperties) = preSolution
		HideSolutionNode = FALSE
	EndGlobalSection
	GlobalSection(ExtensibilityGlobals) = postSolution
		SolutionGuid = {CD3BF137-0ADA-49CF-B8CF-0C537CAC6D98}
	EndGlobalSection
EndGlobal
